
Microsoft Visual Studio Solution File, Format Version 12.00
# Visual Studio 15
Project("{FAE04EC0-301F-11D3-BF4B-00C04F79EFBC}") = "Assembly-CSharp", "Assembly-CSharp.csproj", "{4EB94870-7F15-912E-D14D-1406A0D9ED2D}"
EndProject
Project("{FAE04EC0-301F-11D3-BF4B-00C04F79EFBC}") = "Assembly-CSharp-firstpass", "Assembly-CSharp-firstpass.csproj", "{1A6CD62A-9CE8-99AF-7C34-F87FD0DCD0BA}"
EndProject
Project("{FAE04EC0-301F-11D3-BF4B-00C04F79EFBC}") = "Assembly-CSharp-Editor-firstpass", "Assembly-CSharp-Editor-firstpass.csproj", "{0D2095D7-1D8A-5D1A-9BFA-5CC6C6B3F6BB}"
EndProject
Global
	GlobalSection(SolutionConfigurationPlatforms) = preSolution
		Debug|Any CPU = Debug|Any CPU
		Release|Any CPU = Release|Any CPU
	EndGlobalSection
	GlobalSection(ProjectConfigurationPlatforms) = postSolution
		{4EB94870-7F15-912E-D14D-1406A0D9ED2D}.Debug|Any CPU.ActiveCfg = Debug|Any CPU
		{4EB94870-7F15-912E-D14D-1406A0D9ED2D}.Debug|Any CPU.Build.0 = Debug|Any CPU
		{4EB94870-7F15-912E-D14D-1406A0D9ED2D}.Release|Any CPU.ActiveCfg = Release|Any CPU
		{4EB94870-7F15-912E-D14D-1406A0D9ED2D}.Release|Any CPU.Build.0 = Release|Any CPU
		{1A6CD62A-9CE8-99AF-7C34-F87FD0DCD0BA}.Debug|Any CPU.ActiveCfg = Debug|Any CPU
		{1A6CD62A-9CE8-99AF-7C34-F87FD0DCD0BA}.Debug|Any CPU.Build.0 = Debug|Any CPU
		{1A6CD62A-9CE8-99AF-7C34-F87FD0DCD0BA}.Release|Any CPU.ActiveCfg = Release|Any CPU
		{1A6CD62A-9CE8-99AF-7C34-F87FD0DCD0BA}.Release|Any CPU.Build.0 = Release|Any CPU
		{0D2095D7-1D8A-5D1A-9BFA-5CC6C6B3F6BB}.Debug|Any CPU.ActiveCfg = Debug|Any CPU
		{0D2095D7-1D8A-5D1A-9BFA-5CC6C6B3F6BB}.Debug|Any CPU.Build.0 = Debug|Any CPU
		{0D2095D7-1D8A-5D1A-9BFA-5CC6C6B3F6BB}.Release|Any CPU.ActiveCfg = Release|Any CPU
		{0D2095D7-1D8A-5D1A-9BFA-5CC6C6B3F6BB}.Release|Any CPU.Build.0 = Release|Any CPU
	EndGlobalSection
	GlobalSection(SolutionProperties) = preSolution
		HideSolutionNode = FALSE
	EndGlobalSection
EndGlobal
